<Solution>
  <Project Path="NeonBlack.Gameplay.Modules.Scoring.csproj" />
  <Project Path="NeonBlack.Gameplay.Modules.Combat.csproj" />
  <Project Path="Unity.Collections.csproj" />
  <Project Path="UnityEngine.UI.csproj" />
  <Project Path="NeonBlack.Gameplay.csproj" />
  <Project Path="UnityEngine.TestRunner.csproj" />
  <Project Path="NeonBlack.Gameplay.Core.csproj" />
  <Project Path="VContainer.csproj" />
  <Project Path="NeonBlack.Gameplay.Modules.Character.csproj" />
  <Project Path="UnityEditor.TestRunner.csproj" />
  <Project Path="NeonBlack.Gameplay.Data.csproj" />
  <Project Path="NeonBlack.Gameplay.Modules.Hazards.csproj" />
  <Project Path="Unity.PerformanceTesting.csproj" />
  <Project Path="NeonBlack.Gameplay.Modules.Rpg.UI.csproj" />
  <Project Path="Unity.TextMeshPro.csproj" />
  <Project Path="NeonBlack.Gameplay.Modules.Enemies.csproj" />
  <Project Path="Unity.TextMeshPro.Editor.csproj" />
  <Project Path="NeonBlack.Gameplay.Modules.Settings.csproj" />
  <Project Path="VContainer.Editor.csproj" />
  <Project Path="Pys.Authoring.Editor.csproj" />
  <Project Path="NeonBlack.Gameplay.Modules.Rpg.csproj" />
  <Project Path="NeonBlack.Gameplay.Modules.Spawning.csproj" />
  <Project Path="UnityEditor.UI.csproj" />
  <Project Path="NeonBlack.Gameplay.Editor.csproj" />
  <Project Path="Unity.2D.Sprite.Editor.csproj" />
  <Project Path="NeonBlack.Gameplay.Networking.csproj" />
  <Project Path="NeonBlack.Gameplay.Tests.csproj" />
  <Project Path="NeonBlack.Gameplay.Modules.Traversal.csproj" />
  <Project Path="NeonBlack.Gameplay.Modules.Input.csproj" />
  <Project Path="Unity.Collections.CodeGen.csproj" />
  <Project Path="NeonBlack.Gameplay.Modules.Feedback.csproj" />
  <Project Path="UnityEditor.UI.Analytics.csproj" />
  <Project Path="NeonBlack.Gameplay.Presentation.csproj" />
  <Project Path="Pys.Authoring.Contracts.csproj" />
  <Project Path="NeonBlack.Gameplay.Presentation.HUD.UI.Editor.csproj" />
  <Project Path="NeonBlack.Gameplay.Modules.Traversal.Editor.csproj" />
  <Project Path="Neonblackinteractivellc.Neonblackhub.csproj" />
  <Project Path="Pys.Authoring.Editor.Tests.csproj" />
  <Project Path="NeonBlack.Gameplay.Modules.Tabletop.UI.csproj" />
  <Project Path="NeonBlack.Gameplay.Modules.Interaction.csproj" />
  <Project Path="NeonBlack.Gameplay.Modules.Environment.csproj" />
  <Project Path="NeonBlack.Gameplay.Modules.Tabletop.csproj" />
  <Project Path="NeonBlack.Gameplay.Editor.Tests.csproj" />
  <Project Path="NeonBlack.Gameplay.Modules.Rpg.Editor.csproj" />
  <Project Path="NeonBlack.Gameplay.Modules.Combat.Editor.csproj" />
  <Project Path="NeonBlack.Gameplay.Modules.Encounters.csproj" />
  <Project Path="Unity.InternalAPIEngineBridge.004.csproj" />
  <Project Path="NeonBlack.Gameplay.Modules.Hazards.Editor.csproj" />
  <Project Path="NeonBlack.Gameplay.Modules.Combat.UI.Editor.csproj" />
  <Project Path="NeonBlack.Gameplay.Modules.Feedback.Editor.csproj" />
  <Project Path="NeonBlack.Gameplay.Modules.Enemies.Editor.csproj" />
  <Project Path="Neonblackinteractivellc.Neonblackhub.Editor.csproj" />
  <Project Path="Unity.Collections.Editor.csproj" />
  <Project Path="NeonBlack.Gameplay.Modules.Input.Editor.csproj" />
</Solution>
